// !$*UTF8*$!
{
	archiveVersion = 1;
	classes = {
	};
	objectVersion = 46;
	objects = {

/* Begin PBXBuildFile section */
		18BDBC6B1E9163980025E982 /* PokeCell.swift in Sources */ = {isa = PBXBuildFile; fileRef = 18BDBC6A1E9163980025E982 /* PokeCell.swift */; };
		18EEF63D1E8D529300CD1821 /* AppDelegate.swift in Sources */ = {isa = PBXBuildFile; fileRef = 18EEF63C1E8D529300CD1821 /* AppDelegate.swift */; };
		18EEF63F1E8D529300CD1821 /* ViewController.swift in Sources */ = {isa = PBXBuildFile; fileRef = 18EEF63E1E8D529300CD1821 /* ViewController.swift */; };
		18EEF6421E8D529300CD1821 /* Main.storyboard in Resources */ = {isa = PBXBuildFile; fileRef = 18EEF6401E8D529300CD1821 /* Main.storyboard */; };
		18EEF6441E8D529300CD1821 /* Assets.xcassets in Resources */ = {isa = PBXBuildFile; fileRef = 18EEF6431E8D529300CD1821 /* Assets.xcassets */; };
		18EEF6471E8D529300CD1821 /* LaunchScreen.storyboard in Resources */ = {isa = PBXBuildFile; fileRef = 18EEF6451E8D529300CD1821 /* LaunchScreen.storyboard */; };
		18EEF64F1E8D564D00CD1821 /* pokemon.csv in Resources */ = {isa = PBXBuildFile; fileRef = 18EEF64E1E8D564D00CD1821 /* pokemon.csv */; };
		18EEF6521E8D57F600CD1821 /* Pokemon.swift in Sources */ = {isa = PBXBuildFile; fileRef = 18EEF6511E8D57F600CD1821 /* Pokemon.swift */; };
/* End PBXBuildFile section */

/* Begin PBXFileReference section */
		18BDBC6A1E9163980025E982 /* PokeCell.swift */ = {isa = PBXFileReference; fileEncoding = 4; lastKnownFileType = sourcecode.swift; path = PokeCell.swift; sourceTree = "<group>"; };
		18EEF6391E8D529300CD1821 /* Pockedex3.app */ = {isa = PBXFileReference; explicitFileType = wrapper.application; includeInIndex = 0; path = Pockedex3.app; sourceTree = BUILT_PRODUCTS_DIR; };
		18EEF63C1E8D529300CD1821 /* AppDelegate.swift */ = {isa = PBXFileReference; lastKnownFileType = sourcecode.swift; path = AppDelegate.swift; sourceTree = "<group>"; };
		18EEF63E1E8D529300CD1821 /* ViewController.swift */ = {isa = PBXFileReference; lastKnownFileType = sourcecode.swift; path = ViewController.swift; sourceTree = "<group>"; };
		18EEF6411E8D529300CD1821 /* Base */ = {isa = PBXFileReference; lastKnownFileType = file.storyboard; name = Base; path = Base.lproj/Main.storyboard; sourceTree = "<group>"; };
		18EEF6431E8D529300CD1821 /* Assets.xcassets */ = {isa = PBXFileReference; lastKnownFileType = folder.assetcatalog; path = Assets.xcassets; sourceTree = "<group>"; };
		18EEF6461E8D529300CD1821 /* Base */ = {isa = PBXFileReference; lastKnownFileType = file.storyboard; name = Base; path = Base.lproj/LaunchScreen.storyboard; sourceTree = "<group>"; };
		18EEF6481E8D529300CD1821 /* Info.plist */ = {isa = PBXFileReference; lastKnownFileType = text.plist.xml; path = Info.plist; sourceTree = "<group>"; };
		18EEF64E1E8D564D00CD1821 /* pokemon.csv */ = {isa = PBXFileReference; fileEncoding = 4; lastKnownFileType = text; path = pokemon.csv; sourceTree = "<group>"; };
		18EEF6511E8D57F600CD1821 /* Pokemon.swift */ = {isa = PBXFileReference; fileEncoding = 4; lastKnownFileType = sourcecode.swift; path = Pokemon.swift; sourceTree = "<group>"; };
/* End PBXFileReference section */

/* Begin PBXFrameworksBuildPhase section */
		18EEF6361E8D529300CD1821 /* Frameworks */ = {
			isa = PBXFrameworksBuildPhase;
			buildActionMask = 2147483647;
			files = (
			);
			runOnlyForDeploymentPostprocessing = 0;
		};
/* End PBXFrameworksBuildPhase section */

/* Begin PBXGroup section */
		18BDBC651E9162820025E982 /* View */ = {
			isa = PBXGroup;
			children = (
				18BDBC6A1E9163980025E982 /* PokeCell.swift */,
			);
			name = View;
			sourceTree = "<group>";
		};
		18EEF6301E8D529300CD1821 = {
			isa = PBXGroup;
			children = (
				18EEF63B1E8D529300CD1821 /* Pockedex3 */,
				18EEF63A1E8D529300CD1821 /* Products */,
			);
			sourceTree = "<group>";
		};
		18EEF63A1E8D529300CD1821 /* Products */ = {
			isa = PBXGroup;
			children = (
				18EEF6391E8D529300CD1821 /* Pockedex3.app */,
			);
			name = Products;
			sourceTree = "<group>";
		};
		18EEF63B1E8D529300CD1821 /* Pockedex3 */ = {
			isa = PBXGroup;
			children = (
				18BDBC651E9162820025E982 /* View */,
				18EEF6501E8D57AE00CD1821 /* Model */,
				18EEF63C1E8D529300CD1821 /* AppDelegate.swift */,
				18EEF63E1E8D529300CD1821 /* ViewController.swift */,
				18EEF6401E8D529300CD1821 /* Main.storyboard */,
				18EEF6431E8D529300CD1821 /* Assets.xcassets */,
				18EEF64E1E8D564D00CD1821 /* pokemon.csv */,
				18EEF6451E8D529300CD1821 /* LaunchScreen.storyboard */,
				18EEF6481E8D529300CD1821 /* Info.plist */,
			);
			path = Pockedex3;
			sourceTree = "<group>";
		};
		18EEF6501E8D57AE00CD1821 /* Model */ = {
			isa = PBXGroup;
			children = (
				18EEF6511E8D57F600CD1821 /* Pokemon.swift */,
			);
			name = Model;
			sourceTree = "<group>";
		};
/* End PBXGroup section */

/* Begin PBXNativeTarget section */
		18EEF6381E8D529300CD1821 /* Pockedex3 */ = {
			isa = PBXNativeTarget;
			buildConfigurationList = 18EEF64B1E8D529300CD1821 /* Build configuration list for PBXNativeTarget "Pockedex3" */;
			buildPhases = (
				18EEF6351E8D529300CD1821 /* Sources */,
				18EEF6361E8D529300CD1821 /* Frameworks */,
				18EEF6371E8D529300CD1821 /* Resources */,
			);
			buildRules = (
			);
			dependencies = (
			);
			name = Pockedex3;
			productName = Pockedex3;
			productReference = 18EEF6391E8D529300CD1821 /* Pockedex3.app */;
			productType = "com.apple.product-type.application";
		};
/* End PBXNativeTarget section */

/* Begin PBXProject section */
		18EEF6311E8D529300CD1821 /* Project object */ = {
			isa = PBXProject;
			attributes = {
				LastSwiftUpdateCheck = 0820;
				LastUpgradeCheck = 0820;
				ORGANIZATIONNAME = vingleo;
				TargetAttributes = {
					18EEF6381E8D529300CD1821 = {
						CreatedOnToolsVersion = 8.2.1;
						DevelopmentTeam = EX2PTDBQWG;
						ProvisioningStyle = Automatic;
					};
				};
			};
			buildConfigurationList = 18EEF6341E8D529300CD1821 /* Build configuration list for PBXProject "Pockedex3" */;
			compatibilityVersion = "Xcode 3.2";
			developmentRegion = English;
			hasScannedForEncodings = 0;
			knownRegions = (
				en,
				Base,
			);
			mainGroup = 18EEF6301E8D529300CD1821;
			productRefGroup = 18EEF63A1E8D529300CD1821 /* Products */;
			projectDirPath = "";
			projectRoot = "";
			targets = (
				18EEF6381E8D529300CD1821 /* Pockedex3 */,
			);
		};
/* End PBXProject section */

/* Begin PBXResourcesBuildPhase section */
		18EEF6371E8D529300CD1821 /* Resources */ = {
			isa = PBXResourcesBuildPhase;
			buildActionMask = 2147483647;
			files = (
				18EEF6471E8D529300CD1821 /* LaunchScreen.storyboard in Resources */,
				18EEF6441E8D529300CD1821 /* Assets.xcassets in Resources */,
				18EEF64F1E8D564D00CD1821 /* pokemon.csv in Resources */,
				18EEF6421E8D529300CD1821 /* Main.storyboard in Resources */,
			);
			runOnlyForDeploymentPostprocessing = 0;
		};
/* End PBXResourcesBuildPhase section */

/* Begin PBXSourcesBuildPhase section */
		18EEF6351E8D529300CD1821 /* Sources */ = {
			isa = PBXSourcesBuildPhase;
			buildActionMask = 2147483647;
			files = (
				18BDBC6B1E9163980025E982 /* PokeCell.swift in Sources */,
				18EEF63F1E8D529300CD1821 /* ViewController.swift in Sources */,
				18EEF63D1E8D529300CD1821 /* AppDelegate.swift in Sources */,
				18EEF6521E8D57F600CD1821 /* Pokemon.swift in Sources */,
			);
			runOnlyForDeploymentPostprocessing = 0;
		};
/* End PBXSourcesBuildPhase section */

/* Begin PBXVariantGroup section */
		18EEF6401E8D529300CD1821 /* Main.storyboard */ = {
			isa = PBXVariantGroup;
			children = (
				18EEF6411E8D529300CD1821 /* Base */,
			);
			name = Main.storyboard;
			sourceTree = "<group>";
		};
		18EEF6451E8D529300CD1821 /* LaunchScreen.storyboard */ = {
			isa = PBXVariantGroup;
			children = (
				18EEF6461E8D529300CD1821 /* Base */,
			);
			name = LaunchScreen.storyboard;
			sourceTree = "<group>";
		};
/* End PBXVariantGroup section */

/* Begin XCBuildConfiguration section */
		18EEF6491E8D529300CD1821 /* Debug */ = {
			isa = XCBuildConfiguration;
			buildSettings = {
				ALWAYS_SEARCH_USER_PATHS = NO;
				CLANG_ANALYZER_NONNULL = YES;
				CLANG_CXX_LANGUAGE_STANDARD = "gnu++0x";
				CLANG_CXX_LIBRARY = "libc++";
				CLANG_ENABLE_MODULES = YES;
				CLANG_ENABLE_OBJC_ARC = YES;
				CLANG_WARN_BOOL_CONVERSION = YES;
				CLANG_WARN_CONSTANT_CONVERSION = YES;
				CLANG_WARN_DIRECT_OBJC_ISA_USAGE = YES_ERROR;
				CLANG_WARN_DOCUMENTATION_COMMENTS = YES;
				CLANG_WARN_EMPTY_BODY = YES;
				CLANG_WARN_ENUM_CONVERSION = YES;
				CLANG_WARN_INFINITE_RECURSION = YES;
				CLANG_WARN_INT_CONVERSION = YES;
				CLANG_WARN_OBJC_ROOT_CLASS = YES_ERROR;
				CLANG_WARN_SUSPICIOUS_MOVE = YES;
				CLANG_WARN_UNREACHABLE_CODE = YES;
				CLANG_WARN__DUPLICATE_METHOD_MATCH = YES;
				"CODE_SIGN_IDENTITY[sdk=iphoneos*]" = "iPhone Developer";
				COPY_PHASE_STRIP = NO;
				DEBUG_INFORMATION_FORMAT = dwarf;
				ENABLE_STRICT_OBJC_MSGSEND = YES;
				ENABLE_TESTABILITY = YES;
				GCC_C_LANGUAGE_STANDARD = gnu99;
				GCC_DYNAMIC_NO_PIC = NO;
				GCC_NO_COMMON_BLOCKS = YES;
				GCC_OPTIMIZATION_LEVEL = 0;
				GCC_PREPROCESSOR_DEFINITIONS = (
					"DEBUG=1",
					"$(inherited)",
				);
				GCC_WARN_64_TO_32_BIT_CONVERSION = YES;
				GCC_WARN_ABOUT_RETURN_TYPE = YES_ERROR;
				GCC_WARN_UNDECLARED_SELECTOR = YES;
				GCC_WARN_UNINITIALIZED_AUTOS = YES_AGGRESSIVE;
				GCC_WARN_UNUSED_FUNCTION = YES;
				GCC_WARN_UNUSED_VARIABLE = YES;
				IPHONEOS_DEPLOYMENT_TARGET = 10.2;
				MTL_ENABLE_DEBUG_INFO = YES;
				ONLY_ACTIVE_ARCH = YES;
				SDKROOT = iphoneos;
				SWIFT_ACTIVE_COMPILATION_CONDITIONS = DEBUG;
				SWIFT_OPTIMIZATION_LEVEL = "-Onone";
			};
			name = Debug;
		};
		18EEF64A1E8D529300CD1821 /* Release */ = {
			isa = XCBuildConfiguration;
			buildSettings = {
				ALWAYS_SEARCH_USER_PATHS = NO;
				CLANG_ANALYZER_NONNULL = YES;
				CLANG_CXX_LANGUAGE_STANDARD = "gnu++0x";
				CLANG_CXX_LIBRARY = "libc++";
				CLANG_ENABLE_MODULES = YES;
				CLANG_ENABLE_OBJC_ARC = YES;
				CLANG_WARN_BOOL_CONVERSION = YES;
				CLANG_WARN_CONSTANT_CONVERSION = YES;
				CLANG_WARN_DIRECT_OBJC_ISA_USAGE = YES_ERROR;
				CLANG_WARN_DOCUMENTATION_COMMENTS = YES;
				CLANG_WARN_EMPTY_BODY = YES;
				CLANG_WARN_ENUM_CONVERSION = YES;
				CLANG_WARN_INFINITE_RECURSION = YES;
				CLANG_WARN_INT_CONVERSION = YES;
				CLANG_WARN_OBJC_ROOT_CLASS = YES_ERROR;
				CLANG_WARN_SUSPICIOUS_MOVE = YES;
				CLANG_WARN_UNREACHABLE_CODE = YES;
				CLANG_WARN__DUPLICATE_METHOD_MATCH = YES;
				"CODE_SIGN_IDENTITY[sdk=iphoneos*]" = "iPhone Developer";
				COPY_PHASE_STRIP = NO;
				DEBUG_INFORMATION_FORMAT = "dwarf-with-dsym";
				ENABLE_NS_ASSERTIONS = NO;
				ENABLE_STRICT_OBJC_MSGSEND = YES;
				GCC_C_LANGUAGE_STANDARD = gnu99;
				GCC_NO_COMMON_BLOCKS = YES;
				GCC_WARN_64_TO_32_BIT_CONVERSION = YES;
				GCC_WARN_ABOUT_RETURN_TYPE = YES_ERROR;
				GCC_WARN_UNDECLARED_SELECTOR = YES;
				GCC_WARN_UNINITIALIZED_AUTOS = YES_AGGRESSIVE;
				GCC_WARN_UNUSED_FUNCTION = YES;
				GCC_WARN_UNUSED_VARIABLE = YES;
				IPHONEOS_DEPLOYMENT_TARGET = 10.2;
				MTL_ENABLE_DEBUG_INFO = NO;
				SDKROOT = iphoneos;
				SWIFT_OPTIMIZATION_LEVEL = "-Owholemodule";
				VALIDATE_PRODUCT = YES;
			};
			name = Release;
		};
		18EEF64C1E8D529300CD1821 /* Debug */ = {
			isa = XCBuildConfiguration;
			buildSettings = {
				ASSETCATALOG_COMPILER_APPICON_NAME = AppIcon;
				DEVELOPMENT_TEAM = EX2PTDBQWG;
				INFOPLIST_FILE = Pockedex3/Info.plist;
				LD_RUNPATH_SEARCH_PATHS = "$(inherited) @executable_path/Frameworks";
				PRODUCT_BUNDLE_IDENTIFIER = vingleo.Pockedex3;
				PRODUCT_NAME = "$(TARGET_NAME)";
				SWIFT_VERSION = 3.0;
			};
			name = Debug;
		};
		18EEF64D1E8D529300CD1821 /* Release */ = {
			isa = XCBuildConfiguration;
			buildSettings = {
				ASSETCATALOG_COMPILER_APPICON_NAME = AppIcon;
				DEVELOPMENT_TEAM = EX2PTDBQWG;
				INFOPLIST_FILE = Pockedex3/Info.plist;
				LD_RUNPATH_SEARCH_PATHS = "$(inherited) @executable_path/Frameworks";
				PRODUCT_BUNDLE_IDENTIFIER = vingleo.Pockedex3;
				PRODUCT_NAME = "$(TARGET_NAME)";
				SWIFT_VERSION = 3.0;
			};
			name = Release;
		};
/* End XCBuildConfiguration section */

/* Begin XCConfigurationList section */
		18EEF6341E8D529300CD1821 /* Build configuration list for PBXProject "Pockedex3" */ = {
			isa = XCConfigurationList;
			buildConfigurations = (
				18EEF6491E8D529300CD1821 /* Debug */,
				18EEF64A1E8D529300CD1821 /* Release */,
			);
			defaultConfigurationIsVisible = 0;
			defaultConfigurationName = Release;
		};
		18EEF64B1E8D529300CD1821 /* Build configuration list for PBXNativeTarget "Pockedex3" */ = {
			isa = XCConfigurationList;
			buildConfigurations = (
				18EEF64C1E8D529300CD1821 /* Debug */,
				18EEF64D1E8D529300CD1821 /* Release */,
			);
			defaultConfigurationIsVisible = 0;
			defaultConfigurationName = Release;
		};
/* End XCConfigurationList section */
	};
	rootObject = 18EEF6311E8D529300CD1821 /* Project object */;
}
